dependencies:
  framer-motion: 1.11.0_react-dom@16.13.1+react@16.13.1
devDependencies:
  react: 16.13.1
  react-dom: 16.13.1_react@16.13.1
lockfileVersion: 5.1
packages:
  /@emotion/is-prop-valid/0.8.8:
    dependencies:
      '@emotion/memoize': 0.7.4
    dev: false
    optional: true
    resolution:
      integrity: sha512-u5WtneEAr5IDG2Wv65yhunPSMLIpuKsbuOktRojfrEiEvRyC85LgPMZI63cr7NUqT8ZIGdSVg8ZKGxIug4lXcA==
  /@emotion/memoize/0.7.4:
    dev: false
    optional: true
    resolution:
      integrity: sha512-Ja/Vfqe3HpuzRsG1oBtWTHk2PGZ7GR+2Vz5iYGelAw8dx32K0y7PjVuxK6z1nMpZOqAFsRUPCkK1YjJ56qJlgw==
  /@popmotion/easing/1.0.2:
    dev: false
    resolution:
      integrity: sha512-IkdW0TNmRnWTeWI7aGQIVDbKXPWHVEYdGgd5ZR4SH/Ty/61p63jCjrPxX1XrR7IGkl08bjhJROStD7j+RKgoIw==
  /@popmotion/popcorn/0.4.4:
    dependencies:
      '@popmotion/easing': 1.0.2
      framesync: 4.0.4
      hey-listen: 1.0.8
      style-value-types: 3.1.7
      tslib: 1.13.0
    dev: false
    resolution:
      integrity: sha512-jYO/8319fKoNLMlY4ZJPiPu8Ea8occYwRZhxpaNn/kZsK4QG2E7XFlXZMJBsTWDw7I1i0uaqyC4zn1nwEezLzg==
  /framer-motion/1.11.0_react-dom@16.13.1+react@16.13.1:
    dependencies:
      '@popmotion/easing': 1.0.2
      '@popmotion/popcorn': 0.4.4
      framesync: 4.0.4
      hey-listen: 1.0.8
      popmotion: 9.0.0-beta-8
      react: 16.13.1
      react-dom: 16.13.1_react@16.13.1
      style-value-types: 3.1.7
      stylefire: 7.0.3
      tslib: 1.13.0
    dev: false
    optionalDependencies:
      '@emotion/is-prop-valid': 0.8.8
    peerDependencies:
      react: ^16.8
      react-dom: ^16.8
    resolution:
      integrity: sha512-DkJFWAHIv57L4xu8Ufq9GMs9Ifqpgt5Yi55pc4NQos8TUGomgbLlnwpO1IXK85X5K1dVNKuTZMiqjWZLeOfG/A==
  /framesync/4.0.4:
    dependencies:
      hey-listen: 1.0.8
      tslib: 1.13.0
    dev: false
    resolution:
      integrity: sha512-mdP0WvVHe0/qA62KG2LFUAOiWLng5GLpscRlwzBxu2VXOp6B8hNs5C5XlFigsMgrfDrr2YbqTsgdWZTc4RXRMQ==
  /hey-listen/1.0.8:
    dev: false
    resolution:
      integrity: sha512-COpmrF2NOg4TBWUJ5UVyaCU2A88wEMkUPK4hNqyCkqHbxT92BbvfjoSozkAIIm6XhicGlJHhFdullInrdhwU8Q==
  /js-tokens/4.0.0:
    resolution:
      integrity: sha512-RdJUflcE3cUzKiMqQgsCu06FPu9UdIJO0beYbPhHN4k6apgJtifcoCtT9bcxOpYBtpD2kCM6Sbzg4CausW/PKQ==
  /loose-envify/1.4.0:
    dependencies:
      js-tokens: 4.0.0
    hasBin: true
    resolution:
      integrity: sha512-lyuxPGr/Wfhrlem2CL/UcnUc1zcqKAImBDzukY7Y5F/yQiNdko6+fRLevlw1HgMySw7f611UIY408EtxRSoK3Q==
  /object-assign/4.1.1:
    engines:
      node: '>=0.10.0'
    resolution:
      integrity: sha1-IQmtx5ZYh8/AXLvUQsrIv7s2CGM=
  /popmotion/9.0.0-beta-8:
    dependencies:
      '@popmotion/easing': 1.0.2
      '@popmotion/popcorn': 0.4.4
      framesync: 4.0.4
      hey-listen: 1.0.8
      style-value-types: 3.1.7
      tslib: 1.13.0
    dev: false
    resolution:
      integrity: sha512-6eQzqursPvnP7ePvdfPeY4wFHmS3OLzNP8rJRvmfFfEIfpFqrQgLsM50Gd9AOvGKJtYJOFknNG+dsnzCpgIdAA==
  /prop-types/15.7.2:
    dependencies:
      loose-envify: 1.4.0
      object-assign: 4.1.1
      react-is: 16.13.1
    resolution:
      integrity: sha512-8QQikdH7//R2vurIJSutZ1smHYTcLpRWEOlHnzcWHmBYrOGUysKwSsrC89BCiFj3CbrfJ/nXFdJepOVrY1GCHQ==
  /react-dom/16.13.1_react@16.13.1:
    dependencies:
      loose-envify: 1.4.0
      object-assign: 4.1.1
      prop-types: 15.7.2
      react: 16.13.1
      scheduler: 0.19.1
    peerDependencies:
      react: ^16.13.1
    resolution:
      integrity: sha512-81PIMmVLnCNLO/fFOQxdQkvEq/+Hfpv24XNJfpyZhTRfO0QcmQIF/PgCa1zCOj2w1hrn12MFLyaJ/G0+Mxtfag==
  /react-is/16.13.1:
    resolution:
      integrity: sha512-24e6ynE2H+OKt4kqsOvNd8kBpV65zoxbA4BVsEOB3ARVWQki/DHzaUoC5KuON/BiccDaCCTZBuOcfZs70kR8bQ==
  /react/16.13.1:
    dependencies:
      loose-envify: 1.4.0
      object-assign: 4.1.1
      prop-types: 15.7.2
    engines:
      node: '>=0.10.0'
    resolution:
      integrity: sha512-YMZQQq32xHLX0bz5Mnibv1/LHb3Sqzngu7xstSM+vrkE5Kzr9xE0yMByK5kMoTK30YVJE61WfbxIFFvfeDKT1w==
  /scheduler/0.19.1:
    dependencies:
      loose-envify: 1.4.0
      object-assign: 4.1.1
    resolution:
      integrity: sha512-n/zwRWRYSUj0/3g/otKDRPMh6qv2SYMWNq85IEa8iZyAv8od9zDYpGSnpBEjNgcMNq6Scbu5KfIPxNF72R/2EA==
  /style-value-types/3.1.7:
    dependencies:
      hey-listen: 1.0.8
      tslib: 1.13.0
    dev: false
    resolution:
      integrity: sha512-jPaG5HcAPs3vetSwOJozrBXxuHo9tjZVnbRyBjxqb00c2saIoeuBJc1/2MtvB8eRZy41u/BBDH0CpfzWixftKg==
  /stylefire/7.0.3:
    dependencies:
      '@popmotion/popcorn': 0.4.4
      framesync: 4.0.4
      hey-listen: 1.0.8
      style-value-types: 3.1.7
      tslib: 1.13.0
    dev: false
    resolution:
      integrity: sha512-Q0l7NSeFz/OkX+o6/7Zg3VZxSAZeQzQpYomWmIpOehFM/rJNMSLVX5fgg6Q48ut2ETNKwdhm97mPNU643EBCoQ==
  /tslib/1.13.0:
    dev: false
    resolution:
      integrity: sha512-i/6DQjL8Xf3be4K/E6Wgpekn5Qasl1usyw++dAA35Ue5orEn65VIxOA+YvNNl9HV3qv70T7CNwjODHZrLwvd1Q==
specifiers:
  framer-motion: ^1.11.0
  react: '>=16.8.0'
  react-dom: '>=16.8.0'
